
Microsoft Visual Studio Solution File, Format Version 12.00
# Visual Studio Version 16
VisualStudioVersion = 16.0.30320.27
MinimumVisualStudioVersion = 10.0.40219.1
Project("{FAE04EC0-301F-11D3-BF4B-00C04F79EFBC}") = "AuctionerMTG", "AuctionerMTG.csproj", "{7BEB8FB1-4AE4-4BC0-BF9B-3A5D930D492F}"
EndProject
Global
	GlobalSection(SolutionConfigurationPlatforms) = preSolution
		Debug|Any CPU = Debug|Any CPU
		Release|Any CPU = Release|Any CPU
	EndGlobalSection
	GlobalSection(ProjectConfigurationPlatforms) = postSolution
		{7BEB8FB1-4AE4-4BC0-BF9B-3A5D930D492F}.Debug|Any CPU.ActiveCfg = Debug|Any CPU
		{7BEB8FB1-4AE4-4BC0-BF9B-3A5D930D492F}.Debug|Any CPU.Build.0 = Debug|Any CPU
		{7BEB8FB1-4AE4-4BC0-BF9B-3A5D930D492F}.Release|Any CPU.ActiveCfg = Release|Any CPU
		{7BEB8FB1-4AE4-4BC0-BF9B-3A5D930D492F}.Release|Any CPU.Build.0 = Release|Any CPU
	EndGlobalSection
	GlobalSection(SolutionProperties) = preSolution
		HideSolutionNode = FALSE
	EndGlobalSection
	GlobalSection(ExtensibilityGlobals) = postSolution
		SolutionGuid = {DE54EE38-3708-4FBA-91D8-FF7565BAB585}
	EndGlobalSection
EndGlobal
